
Microsoft Visual Studio Solution File, Format Version 12.00
# Visual Studio Version 17
VisualStudioVersion = 17.5.33627.172
MinimumVisualStudioVersion = 10.0.40219.1
Project("{FAE04EC0-301F-11D3-BF4B-00C04F79EFBC}") = "ProjectA", "ProjectA\ProjectA.csproj", "{2C5F9965-4C64-4048-AF1D-6C556FA272C8}"
EndProject
Project("{FAE04EC0-301F-11D3-BF4B-00C04F79EFBC}") = "ProjectB", "ProjectB\ProjectB.csproj", "{E64E9F51-4B1F-4A1D-8C1C-73D100BC68B8}"
EndProject
Project("{2150E333-8FDC-42A3-9474-1A3956D46DE8}") = "Solution Items", "Solution Items", "{8CDF92BE-BCCA-4440-8233-943EE20B2A6B}"
	ProjectSection(SolutionItems) = preProject
		Directory.Build.props = Directory.Build.props
	EndProjectSection
EndProject
Global
	GlobalSection(SolutionConfigurationPlatforms) = preSolution
		Debug|Any CPU = Debug|Any CPU
		Release|Any CPU = Release|Any CPU
	EndGlobalSection
	GlobalSection(ProjectConfigurationPlatforms) = postSolution
		{2C5F9965-4C64-4048-AF1D-6C556FA272C8}.Debug|Any CPU.ActiveCfg = Debug|Any CPU
		{2C5F9965-4C64-4048-AF1D-6C556FA272C8}.Debug|Any CPU.Build.0 = Debug|Any CPU
		{2C5F9965-4C64-4048-AF1D-6C556FA272C8}.Release|Any CPU.ActiveCfg = Release|Any CPU
		{2C5F9965-4C64-4048-AF1D-6C556FA272C8}.Release|Any CPU.Build.0 = Release|Any CPU
		{E64E9F51-4B1F-4A1D-8C1C-73D100BC68B8}.Debug|Any CPU.ActiveCfg = Debug|Any CPU
		{E64E9F51-4B1F-4A1D-8C1C-73D100BC68B8}.Debug|Any CPU.Build.0 = Debug|Any CPU
		{E64E9F51-4B1F-4A1D-8C1C-73D100BC68B8}.Release|Any CPU.ActiveCfg = Release|Any CPU
		{E64E9F51-4B1F-4A1D-8C1C-73D100BC68B8}.Release|Any CPU.Build.0 = Release|Any CPU
	EndGlobalSection
	GlobalSection(SolutionProperties) = preSolution
		HideSolutionNode = FALSE
	EndGlobalSection
	GlobalSection(ExtensibilityGlobals) = postSolution
		SolutionGuid = {D64989AF-6065-4094-A3BA-2E27E6AA1121}
	EndGlobalSection
EndGlobal
